lockfileVersion: '9.0'

settings:
  autoInstallPeers: true
  excludeLinksFromLockfile: false

importers:

  .:
    dependencies:
      '@wix/data':
        specifier: ^1.0.503
        version: 1.0.503(@types/react@19.2.14)(@wix/headless-components@0.0.0(@types/react-dom@19.2.3(@types/react@19.2.14))(@types/react@19.2.14)(react-dom@19.2.6(react@19.2.6))(react@19.2.6))(@wix/services-manager@1.0.7)(react-dom@19.2.6(react@19.2.6))(react@19.2.6)(use-sync-external-store@1.6.0(react@19.2.6))
      '@wix/members':
        specifier: ^1.0.498
        version: 1.0.498
      '@wix/sdk':
        specifier: ^1.21.14
        version: 1.21.14
      react:
        specifier: 19.2.6
        version: 19.2.6
      react-dom:
        specifier: 19.2.6
        version: 19.2.6(react@19.2.6)
    devDependencies:
      '@types/react':
        specifier: 19.2.14
        version: 19.2.14
      '@types/react-dom':
        specifier: 19.2.3
        version: 19.2.3(@types/react@19.2.14)
      '@vitejs/plugin-react':
        specifier: 6.0.2
        version: 6.0.2(vite@8.0.13(@types/node@22.19.19)(esbuild@0.27.3)(terser@5.49.0))
      typescript:
        specifier: 5.9.3
        version: 5.9.3
      vite:
        specifier: 8.0.13
        version: 8.0.13(@types/node@22.19.19)(esbuild@0.27.3)(terser@5.49.0)

packages:

  '@babel/runtime@7.29.7':
    resolution: {integrity: sha512-Nq8OhGWiZIZGV6hLHoyAKLLcJihP/xFeBMGJoUrxTX2psI8dCifzLhZISFb+VWS3wFMRDmCGw5R+dOySCqPLhw==}
    engines: {node: '>=6.9.0'}

  '@emnapi/core@1.10.0':
    resolution: {integrity: sha512-yq6OkJ4p82CAfPl0u9mQebQHKPJkY7WrIuk205cTYnYe+k2Z8YBh11FrbRG/H6ihirqcacOgl2BIO8oyMQLeXw==}

  '@emnapi/runtime@1.10.0':
    resolution: {integrity: sha512-ewvYlk86xUoGI0zQRNq/mC+16R1QeDlKQy21Ki3oSYXNgLb45GV1P6A0M+/s6nyCuNDqe5VpaY84BzXGwVbwFA==}

  '@emnapi/wasi-threads@1.2.1':
    resolution: {integrity: sha512-uTII7OYF+/Mes/MrcIOYp5yOtSMLBWSIoLPpcgwipoiKbli6k322tcoFsxoIIxPDqW01SQGAgko4EzZi2BNv2w==}

  '@esbuild/aix-ppc64@0.27.3':
    resolution: {integrity: sha512-9fJMTNFTWZMh5qwrBItuziu834eOCUcEqymSH7pY+zoMVEZg3gcPuBNxH1EvfVYe9h0x/Ptw8KBzv7qxb7l8dg==}
    engines: {node: '>=18'}
    cpu: [ppc64]
    os: [aix]

  '@esbuild/android-arm64@0.27.3':
    resolution: {integrity: sha512-YdghPYUmj/FX2SYKJ0OZxf+iaKgMsKHVPF1MAq/P8WirnSpCStzKJFjOjzsW0QQ7oIAiccHdcqjbHmJxRb/dmg==}
    engines: {node: '>=18'}
    cpu: [arm64]
    os: [android]

  '@esbuild/android-arm@0.27.3':
    resolution: {integrity: sha512-i5D1hPY7GIQmXlXhs2w8AWHhenb00+GxjxRncS2ZM7YNVGNfaMxgzSGuO8o8SJzRc/oZwU2bcScvVERk03QhzA==}
    engines: {node: '>=18'}
    cpu: [arm]
    os: [android]

  '@esbuild/android-x64@0.27.3':
    resolution: {integrity: sha512-IN/0BNTkHtk8lkOM8JWAYFg4ORxBkZQf9zXiEOfERX/CzxW3Vg1ewAhU7QSWQpVIzTW+b8Xy+lGzdYXV6UZObQ==}
    engines: {node: '>=18'}
    cpu: [x64]
    os: [android]

  '@esbuild/darwin-arm64@0.27.3':
    resolution: {integrity: sha512-Re491k7ByTVRy0t3EKWajdLIr0gz2kKKfzafkth4Q8A5n1xTHrkqZgLLjFEHVD+AXdUGgQMq+Godfq45mGpCKg==}
    engines: {node: '>=18'}
    cpu: [arm64]
    os: [darwin]

  '@esbuild/darwin-x64@0.27.3':
    resolution: {integrity: sha512-vHk/hA7/1AckjGzRqi6wbo+jaShzRowYip6rt6q7VYEDX4LEy1pZfDpdxCBnGtl+A5zq8iXDcyuxwtv3hNtHFg==}
    engines: {node: '>=18'}
    cpu: [x64]
    os: [darwin]

  '@esbuild/freebsd-arm64@0.27.3':
    resolution: {integrity: sha512-ipTYM2fjt3kQAYOvo6vcxJx3nBYAzPjgTCk7QEgZG8AUO3ydUhvelmhrbOheMnGOlaSFUoHXB6un+A7q4ygY9w==}
    engines: {node: '>=18'}
    cpu: [arm64]
    os: [freebsd]

  '@esbuild/freebsd-x64@0.27.3':
    resolution: {integrity: sha512-dDk0X87T7mI6U3K9VjWtHOXqwAMJBNN2r7bejDsc+j03SEjtD9HrOl8gVFByeM0aJksoUuUVU9TBaZa2rgj0oA==}
    engines: {node: '>=18'}
    cpu: [x64]
    os: [freebsd]

  '@esbuild/linux-arm64@0.27.3':
    resolution: {integrity: sha512-sZOuFz/xWnZ4KH3YfFrKCf1WyPZHakVzTiqji3WDc0BCl2kBwiJLCXpzLzUBLgmp4veFZdvN5ChW4Eq/8Fc2Fg==}
    engines: {node: '>=18'}
    cpu: [arm64]
    os: [linux]

  '@esbuild/linux-arm@0.27.3':
    resolution: {integrity: sha512-s6nPv2QkSupJwLYyfS+gwdirm0ukyTFNl3KTgZEAiJDd+iHZcbTPPcWCcRYH+WlNbwChgH2QkE9NSlNrMT8Gfw==}
    engines: {node: '>=18'}
    cpu: [arm]
    os: [linux]

  '@esbuild/linux-ia32@0.27.3':
    resolution: {integrity: sha512-yGlQYjdxtLdh0a3jHjuwOrxQjOZYD/C9PfdbgJJF3TIZWnm/tMd/RcNiLngiu4iwcBAOezdnSLAwQDPqTmtTYg==}
    engines: {node: '>=18'}
    cpu: [ia32]
    os: [linux]

  '@esbuild/linux-loong64@0.27.3':
    resolution: {integrity: sha512-WO60Sn8ly3gtzhyjATDgieJNet/KqsDlX5nRC5Y3oTFcS1l0KWba+SEa9Ja1GfDqSF1z6hif/SkpQJbL63cgOA==}
    engines: {node: '>=18'}
    cpu: [loong64]
    os: [linux]

  '@esbuild/linux-mips64el@0.27.3':
    resolution: {integrity: sha512-APsymYA6sGcZ4pD6k+UxbDjOFSvPWyZhjaiPyl/f79xKxwTnrn5QUnXR5prvetuaSMsb4jgeHewIDCIWljrSxw==}
    engines: {node: '>=18'}
    cpu: [mips64el]
    os: [linux]

  '@esbuild/linux-ppc64@0.27.3':
    resolution: {integrity: sha512-eizBnTeBefojtDb9nSh4vvVQ3V9Qf9Df01PfawPcRzJH4gFSgrObw+LveUyDoKU3kxi5+9RJTCWlj4FjYXVPEA==}
    engines: {node: '>=18'}
    cpu: [ppc64]
    os: [linux]

  '@esbuild/linux-riscv64@0.27.3':
    resolution: {integrity: sha512-3Emwh0r5wmfm3ssTWRQSyVhbOHvqegUDRd0WhmXKX2mkHJe1SFCMJhagUleMq+Uci34wLSipf8Lagt4LlpRFWQ==}
    engines: {node: '>=18'}
    cpu: [riscv64]
    os: [linux]

  '@esbuild/linux-s390x@0.27.3':
    resolution: {integrity: sha512-pBHUx9LzXWBc7MFIEEL0yD/ZVtNgLytvx60gES28GcWMqil8ElCYR4kvbV2BDqsHOvVDRrOxGySBM9Fcv744hw==}
    engines: {node: '>=18'}
    cpu: [s390x]
    os: [linux]

  '@esbuild/linux-x64@0.27.3':
    resolution: {integrity: sha512-Czi8yzXUWIQYAtL/2y6vogER8pvcsOsk5cpwL4Gk5nJqH5UZiVByIY8Eorm5R13gq+DQKYg0+JyQoytLQas4dA==}
    engines: {node: '>=18'}
    cpu: [x64]
    os: [linux]

  '@esbuild/netbsd-arm64@0.27.3':
    resolution: {integrity: sha512-sDpk0RgmTCR/5HguIZa9n9u+HVKf40fbEUt+iTzSnCaGvY9kFP0YKBWZtJaraonFnqef5SlJ8/TiPAxzyS+UoA==}
    engines: {node: '>=18'}
    cpu: [arm64]
    os: [netbsd]

  '@esbuild/netbsd-x64@0.27.3':
    resolution: {integrity: sha512-P14lFKJl/DdaE00LItAukUdZO5iqNH7+PjoBm+fLQjtxfcfFE20Xf5CrLsmZdq5LFFZzb5JMZ9grUwvtVYzjiA==}
    engines: {node: '>=18'}
    cpu: [x64]
    os: [netbsd]

  '@esbuild/openbsd-arm64@0.27.3':
    resolution: {integrity: sha512-AIcMP77AvirGbRl/UZFTq5hjXK+2wC7qFRGoHSDrZ5v5b8DK/GYpXW3CPRL53NkvDqb9D+alBiC/dV0Fb7eJcw==}
    engines: {node: '>=18'}
    cpu: [arm64]
    os: [openbsd]

  '@esbuild/openbsd-x64@0.27.3':
    resolution: {integrity: sha512-DnW2sRrBzA+YnE70LKqnM3P+z8vehfJWHXECbwBmH/CU51z6FiqTQTHFenPlHmo3a8UgpLyH3PT+87OViOh1AQ==}
    engines: {node: '>=18'}
    cpu: [x64]
    os: [openbsd]

  '@esbuild/openharmony-arm64@0.27.3':
    resolution: {integrity: sha512-NinAEgr/etERPTsZJ7aEZQvvg/A6IsZG/LgZy+81wON2huV7SrK3e63dU0XhyZP4RKGyTm7aOgmQk0bGp0fy2g==}
    engines: {node: '>=18'}
    cpu: [arm64]
    os: [openharmony]

  '@esbuild/sunos-x64@0.27.3':
    resolution: {integrity: sha512-PanZ+nEz+eWoBJ8/f8HKxTTD172SKwdXebZ0ndd953gt1HRBbhMsaNqjTyYLGLPdoWHy4zLU7bDVJztF5f3BHA==}
    engines: {node: '>=18'}
    cpu: [x64]
    os: [sunos]

  '@esbuild/win32-arm64@0.27.3':
    resolution: {integrity: sha512-B2t59lWWYrbRDw/tjiWOuzSsFh1Y/E95ofKz7rIVYSQkUYBjfSgf6oeYPNWHToFRr2zx52JKApIcAS/D5TUBnA==}
    engines: {node: '>=18'}
    cpu: [arm64]
    os: [win32]

  '@esbuild/win32-ia32@0.27.3':
    resolution: {integrity: sha512-QLKSFeXNS8+tHW7tZpMtjlNb7HKau0QDpwm49u0vUp9y1WOF+PEzkU84y9GqYaAVW8aH8f3GcBck26jh54cX4Q==}
    engines: {node: '>=18'}
    cpu: [ia32]
    os: [win32]

  '@esbuild/win32-x64@0.27.3':
    resolution: {integrity: sha512-4uJGhsxuptu3OcpVAzli+/gWusVGwZZHTlS63hh++ehExkVT8SgiEf7/uC/PclrPPkLhZqGgCTjd0VWLo6xMqA==}
    engines: {node: '>=18'}
    cpu: [x64]
    os: [win32]

  '@floating-ui/core@1.8.0':
    resolution: {integrity: sha512-0CIZ5itps/8x7BG8dEIhs53BvCUH2PCoogtakwRTut+Arm58sJooJ0AuZhLw2HJYIR5cMLNPBSS728sPho2khQ==}

  '@floating-ui/dom@1.8.0':
    resolution: {integrity: sha512-yXSrzeHZBTZadLOlfyhCkJHNeLJnHRnRInwdZ40L7ZiaAtrBwoYlsDrX3v5zB1Utk7CLfzcOVnVVWoXEky7Ceg==}

  '@floating-ui/react-dom@2.1.9':
    resolution: {integrity: sha512-JDjEFGCpImxDCA7JJKviA0M9+RtmJdj0m/NVU5IMgBK+AmZouAQQ7/+2GLH0GXXY0YMw9oXPB8hKdbPYg5QLYg==}
    peerDependencies:
      react: '>=16.8.0'
      react-dom: '>=16.8.0'

  '@floating-ui/utils@0.2.12':
    resolution: {integrity: sha512-HpCo8tmWzLVad5s2d19EhAz5zqrrQ6s69qd6moPMQvkOuSwDT1YgRfWSVuc4ennqrgv3OHppiOGMQ7oC13yIww==}

  '@jridgewell/gen-mapping@0.3.13':
    resolution: {integrity: sha512-2kkt/7niJ6MgEPxF0bYdQ6etZaA+fQvDcLKckhy1yIQOzaoKjBBjSj63/aLVjYE3qhRt5dvM+uUyfCg6UKCBbA==}

  '@jridgewell/resolve-uri@3.1.2':
    resolution: {integrity: sha512-bRISgCIjP20/tbWSPWMEi54QVPRZExkuD9lJL+UIxUKtwVJA8wW1Trb1jMs1RFXo1CBTNZ/5hpC9QvmKWdopKw==}
    engines: {node: '>=6.0.0'}

  '@jridgewell/source-map@0.3.11':
    resolution: {integrity: sha512-ZMp1V8ZFcPG5dIWnQLr3NSI1MiCU7UETdS/A0G8V/XWHvJv3ZsFqutJn1Y5RPmAPX6F3BiE397OqveU/9NCuIA==}

  '@jridgewell/sourcemap-codec@1.5.5':
    resolution: {integrity: sha512-cYQ9310grqxueWbl+WuIUIaiUaDcj7WOq5fVhEljNVgRfOUhY9fy2zTvfoqWsnebh8Sl70VScFbICvJnLKB0Og==}

  '@jridgewell/trace-mapping@0.3.31':
    resolution: {integrity: sha512-zzNR+SdQSDJzc8joaeP8QQoCQr8NuYx2dIIytl1QeBEZHJ9uW6hebsrYgbz8hJwUQao3TWCMtmfV8Nu1twOLAw==}

  '@napi-rs/wasm-runtime@1.2.2':
    resolution: {integrity: sha512-JfB4kuJQjaoHuCTseIINHtHWeJnvgEcxjwA5t/Y00ZgaOO1Crz3fjT/p8kT28zA/Caz7oiUMn3d6H2yOVCVwuw==}
    engines: {node: ^20.19.0 || ^22.13.0 || >=23.5.0}
    peerDependencies:
      '@emnapi/core': ^1.7.1 || ^2.0.0-alpha.3
      '@emnapi/runtime': ^1.7.1 || ^2.0.0-alpha.3

  '@oxc-project/types@0.130.0':
    resolution: {integrity: sha512-ibD2usx9JRu7f5pu2tMKMI4cpA4NgXJQoYRP4pQ7Pxmn1l6k/53qWtQWZayhYy3X4QZkt90Ot+mJEaeXouio6Q==}

  '@preact/signals-core@1.14.4':
    resolution: {integrity: sha512-HNB6HYeYKhQbJ1aKl+YRjrS4+QWHLKX6qKoUsfS/m0vqzsVaEBiZiaKbG/e+NKk2ch5ALQr/ihWaMHxiCuuWHA==}

  '@preact/signals-react@3.12.0':
    resolution: {integrity: sha512-o3zBSekC/RPcsHOYTLagjw6JX0ih5eMMFZE0AICEeuk7p3MrYOyEXxM7bmT1Uqi0jPy2pbuDQZTFXYe55IAFVg==}
    peerDependencies:
      react: ^16.14.0 || 17.x || 18.x || 19.x

  '@radix-ui/number@1.1.3':
    resolution: {integrity: sha512-Road2bidD0uu/1BGDOWNdPI06g0lIRy6IF9GZcIrDK2KGItfor8IQwQa+yM2ERgHM1MmHxaxpTzk0/Jp42lNfA==}

  '@radix-ui/primitive@1.1.7':
    resolution: {integrity: sha512-rqWnm76nYT8HoNNqEjpgJ7Pw/DrBj5iBTrmEPo6HTX5+VJyBNOqTdv4g89G63HuR5g0AaENoAcH7Is5fF2kZ8Q==}

  '@radix-ui/react-arrow@1.1.15':
    resolution: {integrity: sha512-v4zggRcjadnI+ClKDuijlQEW4tw3NoaeHc/PwpKnLoLLKNUG4InLegkstooLcRIUWCs+8L22dGURCVuFfOKfnA==}
    peerDependencies:
      '@types/react': '*'
      '@types/react-dom': '*'
      react: ^16.8 || ^17.0 || ^18.0 || ^19.0 || ^19.0.0-rc
      react-dom: ^16.8 || ^17.0 || ^18.0 || ^19.0 || ^19.0.0-rc
    peerDependenciesMeta:
      '@types/react':
        optional: true
      '@types/react-dom':
        optional: true

  '@radix-ui/react-collection@1.1.15':
    resolution: {integrity: sha512-9W+B9NPF0NaaPh/1NJd3+KqsnlLqU9H7T2rvww+fp+T/evVXdNAyYcnfRQZFOjkR1ajQp3yORlqnI8soawLvNA==}
    peerDependencies:
      '@types/react': '*'
      '@types/react-dom': '*'
      react: ^16.8 || ^17.0 || ^18.0 || ^19.0 || ^19.0.0-rc
      react-dom: ^16.8 || ^17.0 || ^18.0 || ^19.0 || ^19.0.0-rc
    peerDependenciesMeta:
      '@types/react':
        optional: true
      '@types/react-dom':
        optional: true

  '@radix-ui/react-compose-refs@1.1.5':
    resolution: {integrity: sha512-+48PbAAbq3didjJxa+OaWY2ZwgAKsNiRGyeHKszblZMQ+kcpd9pAaT11cMkGEie0vsOi3QdeTE6d5Fe3Gn61kA==}
    peerDependencies:
      '@types/react': '*'
      react: ^16.8 || ^17.0 || ^18.0 || ^19.0 || ^19.0.0-rc
    peerDependenciesMeta:
      '@types/react':
        optional: true

  '@radix-ui/react-context@1.2.2':
    resolution: {integrity: sha512-RHCUGwKHDr0hDGg4X7ma4JG4/+12qxw8rkh5QKdDldlCvtja6nUx1Ef/8HVrJze81lEsgLQlqjzjGNHantgnQA==}
    peerDependencies:
      '@types/react': '*'
      react: ^16.8 || ^17.0 || ^18.0 || ^19.0 || ^19.0.0-rc
    peerDependenciesMeta:
      '@types/react':
        optional: true

  '@radix-ui/react-direction@1.1.4':
    resolution: {integrity: sha512-5pzg4FGQNpExhnhT2zlrP1wZFaYCd1K0nYWoFAdcYoYK868IEigqMX3B3f8yIoRlAhAeDWciLI6ZdCKHF9P4Vg==}
    peerDependencies:
      '@types/react': '*'
      react: ^16.8 || ^17.0 || ^18.0 || ^19.0 || ^19.0.0-rc
    peerDependenciesMeta:
      '@types/react':
        optional: true

  '@radix-ui/react-dismissable-layer@1.1.19':
    resolution: {integrity: sha512-8g4pfOL9HoKKLWGiypT+dphVqjFfmcXO5GBnhsG6zI+lxAx/8feQpr+1LSN8Re3hiZ+XkLNS4O9ztK11/LzQ6w==}
    peerDependencies:
      '@types/react': '*'
      '@types/react-dom': '*'
      react: ^16.8 || ^17.0 || ^18.0 || ^19.0 || ^19.0.0-rc
      react-dom: ^16.8 || ^17.0 || ^18.0 || ^19.0 || ^19.0.0-rc
    peerDependenciesMeta:
      '@types/react':
        optional: true
      '@types/react-dom':
        optional: true

  '@radix-ui/react-focus-guards@1.1.6':
    resolution: {integrity: sha512-RNOJjfZMTyBM6xYmV3IVGXkPjIhcBAuv48POevAXwrGJhkWZ9p1rFoIS1JFooPuT193AZmRsCPhpoVJxx6OPoQ==}
    peerDependencies:
      '@types/react': '*'
      react: ^16.8 || ^17.0 || ^18.0 || ^19.0 || ^19.0.0-rc
    peerDependenciesMeta:
      '@types/react':
        optional: true

  '@radix-ui/react-focus-scope@1.1.16':
    resolution: {integrity: sha512-wmRZ2WWLvmt6KHy2rNPOdPUjwq5xOHY02+m+udwJTn0aNIox/rkskAvJTyTLGhPK6KgrUjlJUJpgmx/+wFiFIQ==}
    peerDependencies:
      '@types/react': '*'
      '@types/react-dom': '*'
      react: ^16.8 || ^17.0 || ^18.0 || ^19.0 || ^19.0.0-rc
      react-dom: ^16.8 || ^17.0 || ^18.0 || ^19.0 || ^19.0.0-rc
    peerDependenciesMeta:
      '@types/react':
        optional: true
      '@types/react-dom':
        optional: true

  '@radix-ui/react-id@1.1.4':
    resolution: {integrity: sha512-TMQp2llA+RYn7JcjnrMnz7wN4pcVttPZnRZo52PLQsoLVKzNlVwUeHmfePgTgRluXFvlD3GD5g5MOVVTJCO0qA==}
    peerDependencies:
      '@types/react': '*'
      react: ^16.8 || ^17.0 || ^18.0 || ^19.0 || ^19.0.0-rc
    peerDependenciesMeta:
      '@types/react':
        optional: true

  '@radix-ui/react-popper@1.3.7':
    resolution: {integrity: sha512-UsJrrd7w4wuKKTdvd/DNERVlwSlUcyXzjhyDwBk+3aPOsCjOY6ZSbxuw8E6lZTjjfP8Cpd0J8VVkrYUWyGYXyg==}
    peerDependencies:
      '@types/react': '*'
      '@types/react-dom': '*'
      react: ^16.8 || ^17.0 || ^18.0 || ^19.0 || ^19.0.0-rc
      react-dom: ^16.8 || ^17.0 || ^18.0 || ^19.0 || ^19.0.0-rc
    peerDependenciesMeta:
      '@types/react':
        optional: true
      '@types/react-dom':
        optional: true

  '@radix-ui/react-portal@1.1.17':
    resolution: {integrity: sha512-vKQLcWypUnwZVvfV7UkGahH2g6ySe8M8R+zYBwPrv5byZ9QAW6cQVvNKo7GgmD+p8aYb6D9JBuvy8/WhOno2wQ==}
    peerDependencies:
      '@types/react': '*'
      '@types/react-dom': '*'
      react: ^16.8 || ^17.0 || ^18.0 || ^19.0 || ^19.0.0-rc
      react-dom: ^16.8 || ^17.0 || ^18.0 || ^19.0 || ^19.0.0-rc
    peerDependenciesMeta:
      '@types/react':
        optional: true
      '@types/react-dom':
        optional: true

  '@radix-ui/react-presence@1.1.10':
    resolution: {integrity: sha512-3wyzCQ6+ubRA+D4uv9m95JYLXxmOHp05qjrkjeA7uKHHtjpPggQzc6DAb0URl7j67oR0K2foO4ip27TiX037Bw==}
    peerDependencies:
      '@types/react': '*'
      '@types/react-dom': '*'
      react: ^16.8 || ^17.0 || ^18.0 || ^19.0 || ^19.0.0-rc
      react-dom: ^16.8 || ^17.0 || ^18.0 || ^19.0 || ^19.0.0-rc
    peerDependenciesMeta:
      '@types/react':
        optional: true
      '@types/react-dom':
        optional: true

  '@radix-ui/react-primitive@2.1.10':
    resolution: {integrity: sha512-MucOnzh6hR5mid6VpkbglRAMYMjKLqRnGBbjXkzjK52fuQDd1qbkx78a5P40mkcnVXJdEVxm26E9OPAiUq7nBg==}
    peerDependencies:
      '@types/react': '*'
      '@types/react-dom': '*'
      react: ^16.8 || ^17.0 || ^18.0 || ^19.0 || ^19.0.0-rc
      react-dom: ^16.8 || ^17.0 || ^18.0 || ^19.0 || ^19.0.0-rc
    peerDependenciesMeta:
      '@types/react':
        optional: true
      '@types/react-dom':
        optional: true

  '@radix-ui/react-roving-focus@1.1.19':
    resolution: {integrity: sha512-V9jI6hDjT7l3jsCQD9bLNvDLM3tH/gdbOTp7Tefp3hbbgCGQoK7tUvrWiRlcoBHIZ809ElXwNQwVo0B98LuTXQ==}
    peerDependencies:
      '@types/react': '*'
      '@types/react-dom': '*'
      react: ^16.8 || ^17.0 || ^18.0 || ^19.0 || ^19.0.0-rc
      react-dom: ^16.8 || ^17.0 || ^18.0 || ^19.0 || ^19.0.0-rc
    peerDependenciesMeta:
      '@types/react':
        optional: true
      '@types/react-dom':
        optional: true

  '@radix-ui/react-select@2.3.7':
    resolution: {integrity: sha512-WFGImkmbzcfxeIwq/+4HvRN0pizBwbwQUED4I13ezQsDdfl38ZntN6TmR8XaSzPBqoCToe8rF75j6NPNDSzhbg==}
    peerDependencies:
      '@types/react': '*'
      '@types/react-dom': '*'
      react: ^16.8 || ^17.0 || ^18.0 || ^19.0 || ^19.0.0-rc
      react-dom: ^16.8 || ^17.0 || ^18.0 || ^19.0 || ^19.0.0-rc
    peerDependenciesMeta:
      '@types/react':
        optional: true
      '@types/react-dom':
        optional: true

  '@radix-ui/react-slider@1.4.7':
    resolution: {integrity: sha512-mTSLf1GC/C0moWjTbvCM6Qn/gBjvlFt1azuWF2v7MN5C3Zq2U2J2lN3ZEYkpujuOU5Ro7A28wkviSxaKnG0BYg==}
    peerDependencies:
      '@types/react': '*'
      '@types/react-dom': '*'
      react: ^16.8 || ^17.0 || ^18.0 || ^19.0 || ^19.0.0-rc
      react-dom: ^16.8 || ^17.0 || ^18.0 || ^19.0 || ^19.0.0-rc
    peerDependenciesMeta:
      '@types/react':
        optional: true
      '@types/react-dom':
        optional: true

  '@radix-ui/react-slot@1.3.3':
    resolution: {integrity: sha512-qx7oqnYbxnK9kYI9m317qmFmEgo6ywqWvbTogdj7cL9p3/yx4M48p7Rnw5z3H890cL/ow/EeWJsuTykeZVXP5Q==}
    peerDependencies:
      '@types/react': '*'
      react: ^16.8 || ^17.0 || ^18.0 || ^19.0 || ^19.0.0-rc
    peerDependenciesMeta:
      '@types/react':
        optional: true

  '@radix-ui/react-toggle-group@1.1.19':
    resolution: {integrity: sha512-OtnwuSVjd1Ofi+AdnvhsjQdyuhCDwYs1w9RyB5BN/OavXOVQo42SYqQjwUnbPnaiPFBpQ9aX70dWeee+v2oBLA==}
    peerDependencies:
      '@types/react': '*'
      '@types/react-dom': '*'
      react: ^16.8 || ^17.0 || ^18.0 || ^19.0 || ^19.0.0-rc
      react-dom: ^16.8 || ^17.0 || ^18.0 || ^19.0 || ^19.0.0-rc
    peerDependenciesMeta:
      '@types/react':
        optional: true
      '@types/react-dom':
        optional: true

  '@radix-ui/react-toggle@1.1.18':
    resolution: {integrity: sha512-7lonPlKfSacd20GlOBx2ltuVKz9oqWYZz+oMQyOltw6t1y2nyftj2ZmwwUHYn49kqfDWcp8dNZm5NgV+5Z+mug==}
    peerDependencies:
      '@types/react': '*'
      '@types/react-dom': '*'
      react: ^16.8 || ^17.0 || ^18.0 || ^19.0 || ^19.0.0-rc
      react-dom: ^16.8 || ^17.0 || ^18.0 || ^19.0 || ^19.0.0-rc
    peerDependenciesMeta:
      '@types/react':
        optional: true
      '@types/react-dom':
        optional: true

  '@radix-ui/react-use-callback-ref@1.1.4':
    resolution: {integrity: sha512-R6OUY2e2fA6Yn6s+VSx5KBV6Nx8LQEhu+cz7LCej18rQ1HLyg9PSC9jP/ZNx0o6FAIK9c0F1kHylzSxKsdlkrQ==}
    peerDependencies:
      '@types/react': '*'
      react: ^16.8 || ^17.0 || ^18.0 || ^19.0 || ^19.0.0-rc
    peerDependenciesMeta:
      '@types/react':
        optional: true

  '@radix-ui/react-use-controllable-state@1.2.6':
    resolution: {integrity: sha512-uEQJGT97ZA/TgP/Hydw47lHu+/vQj6z/0jA+WeTbK1o9Rx45GImjpD0tc3W5ad3D6XTSR6e1yEO0FvGq6WQfVQ==}
    peerDependencies:
      '@types/react': '*'
      react: ^16.8 || ^17.0 || ^18.0 || ^19.0 || ^19.0.0-rc
    peerDependenciesMeta:
      '@types/react':
        optional: true

  '@radix-ui/react-use-effect-event@0.0.5':
    resolution: {integrity: sha512-7cshFL8HGS/7HEiHH+9kL9HBwp2sa9yX18Knwek6KYWmXwM7pegMgta2AXMQKI+rq3JnfSj9x8wYqFMTdG1Jgg==}
    peerDependencies:
      '@types/react': '*'
      react: ^16.8 || ^17.0 || ^18.0 || ^19.0 || ^19.0.0-rc
    peerDependenciesMeta:
      '@types/react':
        optional: true

  '@radix-ui/react-use-is-hydrated@0.1.3':
    resolution: {integrity: sha512-umO/aJ+82CpOnhDZUTbILCQf7kU/g0iv+oGs/Q8jw7IkhWBzaEP4sA268PhFAJTFetbwp3ICc6ktpI4TqtxcIw==}
…12804 tokens truncated…_sdk_data_scheduled-workflows@1.0.10':
    dependencies:
      '@wix/sdk-runtime': 1.0.19
      '@wix/sdk-types': 1.17.11
      zod: 4.4.3

  '@wix/auto_sdk_data_sharing@1.0.25':
    dependencies:
      '@wix/sdk-runtime': 1.0.19
      '@wix/sdk-types': 1.17.11
      zod: 4.4.3

  '@wix/auto_sdk_data_tasks@1.0.41':
    dependencies:
      '@wix/sdk-runtime': 1.0.19
      '@wix/sdk-types': 1.17.11
      zod: 4.4.3

  '@wix/auto_sdk_ecom_checkout@1.0.163':
    dependencies:
      '@wix/sdk-runtime': 1.0.19
      '@wix/sdk-types': 1.17.11
      zod: 4.4.3

  '@wix/auto_sdk_ecom_current-cart@1.0.181':
    dependencies:
      '@wix/sdk-runtime': 1.0.19
      '@wix/sdk-types': 1.17.11
      zod: 4.4.3

  '@wix/auto_sdk_identity_authentication@1.0.54':
    dependencies:
      '@wix/sdk-runtime': 1.0.19
      '@wix/sdk-types': 1.17.11
      zod: 4.4.3

  '@wix/auto_sdk_identity_oauth@1.0.53':
    dependencies:
      '@wix/sdk-runtime': 1.0.19
      '@wix/sdk-types': 1.17.11
      zod: 4.4.3

  '@wix/auto_sdk_identity_recovery@1.0.45':
    dependencies:
      '@wix/sdk-runtime': 1.0.19
      '@wix/sdk-types': 1.17.11
      zod: 4.4.3

  '@wix/auto_sdk_identity_sign-on-policy@1.0.0':
    dependencies:
      '@wix/sdk-runtime': 1.0.19
      '@wix/sdk-types': 1.17.11
      zod: 4.4.3

  '@wix/auto_sdk_identity_verification@1.0.47':
    dependencies:
      '@wix/sdk-runtime': 1.0.19
      '@wix/sdk-types': 1.17.11
      zod: 4.4.3

  '@wix/auto_sdk_members_authentication@1.0.44':
    dependencies:
      '@wix/sdk-runtime': 1.0.19
      '@wix/sdk-types': 1.17.11
      zod: 4.4.3

  '@wix/auto_sdk_members_authorization@1.0.35':
    dependencies:
      '@wix/sdk-runtime': 1.0.19
      '@wix/sdk-types': 1.17.11
      zod: 4.4.3

  '@wix/auto_sdk_members_badge-assignments@1.0.29':
    dependencies:
      '@wix/sdk-runtime': 1.0.19
      '@wix/sdk-types': 1.17.11
      zod: 4.4.3

  '@wix/auto_sdk_members_badges-v-2@1.0.36':
    dependencies:
      '@wix/sdk-runtime': 1.0.19
      '@wix/sdk-types': 1.17.11
      zod: 4.4.3

  '@wix/auto_sdk_members_badges@1.0.52':
    dependencies:
      '@wix/sdk-runtime': 1.0.19
      '@wix/sdk-types': 1.17.11
      zod: 4.4.3

  '@wix/auto_sdk_members_custom-field-applications@1.0.40':
    dependencies:
      '@wix/sdk-runtime': 1.0.19
      '@wix/sdk-types': 1.17.11
      zod: 4.4.3

  '@wix/auto_sdk_members_custom-field-suggestions@1.0.39':
    dependencies:
      '@wix/sdk-runtime': 1.0.19
      '@wix/sdk-types': 1.17.11
      zod: 4.4.3

  '@wix/auto_sdk_members_custom-fields@1.0.56':
    dependencies:
      '@wix/sdk-runtime': 1.0.19
      '@wix/sdk-types': 1.17.11
      zod: 4.4.3

  '@wix/auto_sdk_members_default-privacy@1.0.33':
    dependencies:
      '@wix/sdk-runtime': 1.0.19
      '@wix/sdk-types': 1.17.11
      zod: 4.4.3

  '@wix/auto_sdk_members_member-followers@1.0.43':
    dependencies:
      '@wix/sdk-runtime': 1.0.19
      '@wix/sdk-types': 1.17.11
      zod: 4.4.3

  '@wix/auto_sdk_members_member-privacy-settings@1.0.57':
    dependencies:
      '@wix/sdk-runtime': 1.0.19
      '@wix/sdk-types': 1.17.11
      zod: 4.4.3

  '@wix/auto_sdk_members_member-report@1.0.48':
    dependencies:
      '@wix/sdk-runtime': 1.0.19
      '@wix/sdk-types': 1.17.11
      zod: 4.4.3

  '@wix/auto_sdk_members_member-role-definition@1.0.45':
    dependencies:
      '@wix/sdk-runtime': 1.0.19
      '@wix/sdk-types': 1.17.11
      zod: 4.4.3

  '@wix/auto_sdk_members_member-to-member-block@1.0.34':
    dependencies:
      '@wix/sdk-runtime': 1.0.19
      '@wix/sdk-types': 1.17.11
      zod: 4.4.3

  '@wix/auto_sdk_members_members-about@1.0.74':
    dependencies:
      '@wix/sdk-runtime': 1.0.19
      '@wix/sdk-types': 1.17.11
      zod: 4.4.3

  '@wix/auto_sdk_members_members@1.0.129':
    dependencies:
      '@wix/sdk-runtime': 1.0.19
      '@wix/sdk-types': 1.17.11
      zod: 4.4.3

  '@wix/auto_sdk_members_user-member@1.0.54':
    dependencies:
      '@wix/sdk-runtime': 1.0.19
      '@wix/sdk-types': 1.17.11
      zod: 4.4.3

  '@wix/auto_sdk_redirects_redirects@1.0.53':
    dependencies:
      '@wix/sdk-runtime': 1.0.19
      '@wix/sdk-types': 1.17.11
      zod: 4.4.3

  '@wix/data@1.0.503(@types/react@19.2.14)(@wix/headless-components@0.0.0(@types/react-dom@19.2.3(@types/react@19.2.14))(@types/react@19.2.14)(react-dom@19.2.6(react@19.2.6))(react@19.2.6))(@wix/services-manager@1.0.7)(react-dom@19.2.6(react@19.2.6))(react@19.2.6)(use-sync-external-store@1.6.0(react@19.2.6))':
    dependencies:
      '@wix/auto_sdk_data_backups': 1.0.68
      '@wix/auto_sdk_data_collections': 1.0.92
      '@wix/auto_sdk_data_external-database': 1.0.31
      '@wix/auto_sdk_data_external-database-connections': 1.0.50
      '@wix/auto_sdk_data_indexes': 1.0.54
      '@wix/auto_sdk_data_items-events': 1.0.8
      '@wix/auto_sdk_data_movement-jobs': 1.0.58
      '@wix/auto_sdk_data_permissions': 1.0.51
      '@wix/auto_sdk_data_scheduled-workflows': 1.0.10
      '@wix/auto_sdk_data_sharing': 1.0.25
      '@wix/auto_sdk_data_tasks': 1.0.41
      '@wix/headless-cms': 0.0.45(@types/react@19.2.14)(@wix/headless-components@0.0.0(@types/react-dom@19.2.3(@types/react@19.2.14))(@types/react@19.2.14)(react-dom@19.2.6(react@19.2.6))(react@19.2.6))(@wix/services-manager@1.0.7)(react-dom@19.2.6(react@19.2.6))(react@19.2.6)(use-sync-external-store@1.6.0(react@19.2.6))
      '@wix/wix-data-items-sdk': 1.0.545
    transitivePeerDependencies:
      - '@types/react'
      - '@wix/headless-components'
      - '@wix/services-manager'
      - react
      - react-dom
      - use-sync-external-store

  '@wix/error-handler-types@1.20.0':
    dependencies:
      '@babel/runtime': 7.29.7

  '@wix/filter-builder@1.0.248':
    dependencies:
      '@babel/runtime': 7.29.7
      tslib: 2.8.1

  '@wix/headless-cms@0.0.45(@types/react@19.2.14)(@wix/headless-components@0.0.0(@types/react-dom@19.2.3(@types/react@19.2.14))(@types/react@19.2.14)(react-dom@19.2.6(react@19.2.6))(react@19.2.6))(@wix/services-manager@1.0.7)(react-dom@19.2.6(react@19.2.6))(react@19.2.6)(use-sync-external-store@1.6.0(react@19.2.6))':
    dependencies:
      '@wix/data': 1.0.503(@types/react@19.2.14)(@wix/headless-components@0.0.0(@types/react-dom@19.2.3(@types/react@19.2.14))(@types/react@19.2.14)(react-dom@19.2.6(react@19.2.6))(react@19.2.6))(@wix/services-manager@1.0.7)(react-dom@19.2.6(react@19.2.6))(react@19.2.6)(use-sync-external-store@1.6.0(react@19.2.6))
      '@wix/headless-components': 0.0.0(@types/react-dom@19.2.3(@types/react@19.2.14))(@types/react@19.2.14)(react-dom@19.2.6(react@19.2.6))(react@19.2.6)
      '@wix/headless-ecom': 0.0.40(@types/react@19.2.14)(@wix/headless-components@0.0.0(@types/react-dom@19.2.3(@types/react@19.2.14))(@types/react@19.2.14)(react-dom@19.2.6(react@19.2.6))(react@19.2.6))(@wix/services-manager@1.0.7)(react-dom@19.2.6(react@19.2.6))(react@19.2.6)(use-sync-external-store@1.6.0(react@19.2.6))
      '@wix/headless-utils': 0.0.8(@types/react@19.2.14)(react@19.2.6)
      '@wix/services-definitions': 1.0.5
      '@wix/services-manager-react': 1.0.8(@wix/services-manager@1.0.7)(react-dom@19.2.6(react@19.2.6))(react@19.2.6)(use-sync-external-store@1.6.0(react@19.2.6))
    transitivePeerDependencies:
      - '@types/react'
      - '@wix/services-manager'
      - react
      - react-dom
      - use-sync-external-store

  '@wix/headless-components@0.0.0(@types/react-dom@19.2.3(@types/react@19.2.14))(@types/react@19.2.14)(react-dom@19.2.6(react@19.2.6))(react@19.2.6)':
    dependencies:
      '@radix-ui/react-select': 2.3.7(@types/react-dom@19.2.3(@types/react@19.2.14))(@types/react@19.2.14)(react-dom@19.2.6(react@19.2.6))(react@19.2.6)
      '@radix-ui/react-slider': 1.4.7(@types/react-dom@19.2.3(@types/react@19.2.14))(@types/react@19.2.14)(react-dom@19.2.6(react@19.2.6))(react@19.2.6)
      '@radix-ui/react-toggle-group': 1.1.19(@types/react-dom@19.2.3(@types/react@19.2.14))(@types/react@19.2.14)(react-dom@19.2.6(react@19.2.6))(react@19.2.6)
      '@wix/headless-utils': 0.0.0(@types/react@19.2.14)(react@19.2.6)
    transitivePeerDependencies:
      - '@types/react'
      - '@types/react-dom'
      - react
      - react-dom

  '@wix/headless-ecom@0.0.40(@types/react@19.2.14)(@wix/headless-components@0.0.0(@types/react-dom@19.2.3(@types/react@19.2.14))(@types/react@19.2.14)(react-dom@19.2.6(react@19.2.6))(react@19.2.6))(@wix/services-manager@1.0.7)(react-dom@19.2.6(react@19.2.6))(react@19.2.6)(use-sync-external-store@1.6.0(react@19.2.6))':
    dependencies:
      '@radix-ui/react-slot': 1.3.3(@types/react@19.2.14)(react@19.2.6)
      '@wix/auto_sdk_ecom_checkout': 1.0.163
      '@wix/auto_sdk_ecom_current-cart': 1.0.181
      '@wix/headless-components': 0.0.0(@types/react-dom@19.2.3(@types/react@19.2.14))(@types/react@19.2.14)(react-dom@19.2.6(react@19.2.6))(react@19.2.6)
      '@wix/headless-media': 0.0.20(@wix/services-manager@1.0.7)(react-dom@19.2.6(react@19.2.6))(react@19.2.6)(use-sync-external-store@1.6.0(react@19.2.6))
      '@wix/redirects': 1.0.125
      '@wix/sdk': 1.21.14
      '@wix/services-definitions': 1.0.5
      '@wix/services-manager-react': 1.0.8(@wix/services-manager@1.0.7)(react-dom@19.2.6(react@19.2.6))(react@19.2.6)(use-sync-external-store@1.6.0(react@19.2.6))
    transitivePeerDependencies:
      - '@types/react'
      - '@wix/services-manager'
      - react
      - react-dom
      - use-sync-external-store

  '@wix/headless-media@0.0.20(@wix/services-manager@1.0.7)(react-dom@19.2.6(react@19.2.6))(react@19.2.6)(use-sync-external-store@1.6.0(react@19.2.6))':
    dependencies:
      '@wix/sdk': 1.21.14
      '@wix/services-definitions': 1.0.5
      '@wix/services-manager-react': 1.0.8(@wix/services-manager@1.0.7)(react-dom@19.2.6(react@19.2.6))(react@19.2.6)(use-sync-external-store@1.6.0(react@19.2.6))
    transitivePeerDependencies:
      - '@wix/services-manager'
      - react
      - react-dom
      - use-sync-external-store

  '@wix/headless-utils@0.0.0(@types/react@19.2.14)(react@19.2.6)':
    dependencies:
      '@radix-ui/react-slot': 1.3.3(@types/react@19.2.14)(react@19.2.6)
      react: 19.2.6
    transitivePeerDependencies:
      - '@types/react'

  '@wix/headless-utils@0.0.8(@types/react@19.2.14)(react@19.2.6)':
    dependencies:
      '@radix-ui/react-slot': 1.3.3(@types/react@19.2.14)(react@19.2.6)
      react: 19.2.6
    transitivePeerDependencies:
      - '@types/react'

  '@wix/identity@1.0.224':
    dependencies:
      '@wix/auto_sdk_identity_authentication': 1.0.54
      '@wix/auto_sdk_identity_oauth': 1.0.53
      '@wix/auto_sdk_identity_recovery': 1.0.45
      '@wix/auto_sdk_identity_sign-on-policy': 1.0.0
      '@wix/auto_sdk_identity_verification': 1.0.47

  '@wix/image-kit@1.124.0':
    dependencies:
      '@babel/runtime': 7.29.7
      tslib: 2.8.1

  '@wix/members@1.0.498':
    dependencies:
      '@wix/auto_sdk_members_authentication': 1.0.44
      '@wix/auto_sdk_members_authorization': 1.0.35
      '@wix/auto_sdk_members_badge-assignments': 1.0.29
      '@wix/auto_sdk_members_badges': 1.0.52
      '@wix/auto_sdk_members_badges-v-2': 1.0.36
      '@wix/auto_sdk_members_custom-field-applications': 1.0.40
      '@wix/auto_sdk_members_custom-field-suggestions': 1.0.39
      '@wix/auto_sdk_members_custom-fields': 1.0.56
      '@wix/auto_sdk_members_default-privacy': 1.0.33
      '@wix/auto_sdk_members_member-followers': 1.0.43
      '@wix/auto_sdk_members_member-privacy-settings': 1.0.57
      '@wix/auto_sdk_members_member-report': 1.0.48
      '@wix/auto_sdk_members_member-role-definition': 1.0.45
      '@wix/auto_sdk_members_member-to-member-block': 1.0.34
      '@wix/auto_sdk_members_members': 1.0.129
      '@wix/auto_sdk_members_members-about': 1.0.74
      '@wix/auto_sdk_members_user-member': 1.0.54

  '@wix/monitoring-types@0.12.0': {}

  '@wix/redirects@1.0.125':
    dependencies:
      '@wix/auto_sdk_redirects_redirects': 1.0.53

  '@wix/sdk-context@0.0.1': {}

  '@wix/sdk-react-context@1.0.2(react@19.2.6)':
    dependencies:
      react: 19.2.6

  '@wix/sdk-runtime@0.7.0':
    dependencies:
      '@wix/sdk-context': 0.0.1
      '@wix/sdk-types': 1.14.0

  '@wix/sdk-runtime@1.0.19':
    dependencies:
      '@wix/sdk-context': 0.0.1
      '@wix/sdk-types': 1.17.11

  '@wix/sdk-types@1.14.0':
    dependencies:
      '@wix/error-handler-types': 1.20.0
      '@wix/monitoring-types': 0.12.0
      type-fest: 4.41.0

  '@wix/sdk-types@1.17.11':
    dependencies:
      '@wix/error-handler-types': 1.20.0
      '@wix/monitoring-types': 0.12.0
      type-fest: 4.41.0

  '@wix/sdk@1.21.14':
    dependencies:
      '@wix/identity': 1.0.224
      '@wix/image-kit': 1.124.0
      '@wix/redirects': 1.0.125
      '@wix/sdk-context': 0.0.1
      '@wix/sdk-runtime': 1.0.19
      '@wix/sdk-types': 1.17.11
      jose: 5.10.0
      type-fest: 4.41.0
    optionalDependencies:
      graphql: 17.0.2

  '@wix/services-definitions@1.0.5':
    dependencies:
      type-fest: 4.41.0

  '@wix/services-manager-react@1.0.8(@wix/services-manager@1.0.7)(react-dom@19.2.6(react@19.2.6))(react@19.2.6)(use-sync-external-store@1.6.0(react@19.2.6))':
    dependencies:
      '@preact/signals-react': 3.12.0(react@19.2.6)
      '@wix/sdk-react-context': 1.0.2(react@19.2.6)
      '@wix/services-definitions': 1.0.5
      '@wix/services-manager': 1.0.7
      react: 19.2.6
      react-dom: 19.2.6(react@19.2.6)
      use-sync-external-store: 1.6.0(react@19.2.6)

  '@wix/services-manager@1.0.7':
    dependencies:
      '@preact/signals-core': 1.14.4
      '@wix/sdk-context': 0.0.1
      '@wix/services-definitions': 1.0.5

  '@wix/wix-data-items-common@1.0.324':
    dependencies:
      '@babel/runtime': 7.29.7
      '@wix/filter-builder': 1.0.248
      '@wix/sdk-runtime': 1.0.19

  '@wix/wix-data-items-sdk@1.0.545':
    dependencies:
      '@wix/sdk-runtime': 0.7.0
      '@wix/sdk-types': 1.17.11
      '@wix/wix-data-items-common': 1.0.324

  acorn@8.18.0:
    optional: true

  aria-hidden@1.2.6:
    dependencies:
      tslib: 2.8.1

  buffer-from@1.1.2:
    optional: true

  commander@2.20.3:
    optional: true

  csstype@3.2.3: {}

  detect-libc@2.1.2: {}

  detect-node-es@1.1.0: {}

  esbuild@0.27.3:
    optionalDependencies:
      '@esbuild/aix-ppc64': 0.27.3
      '@esbuild/android-arm': 0.27.3
      '@esbuild/android-arm64': 0.27.3
      '@esbuild/android-x64': 0.27.3
      '@esbuild/darwin-arm64': 0.27.3
      '@esbuild/darwin-x64': 0.27.3
      '@esbuild/freebsd-arm64': 0.27.3
      '@esbuild/freebsd-x64': 0.27.3
      '@esbuild/linux-arm': 0.27.3
      '@esbuild/linux-arm64': 0.27.3
      '@esbuild/linux-ia32': 0.27.3
      '@esbuild/linux-loong64': 0.27.3
      '@esbuild/linux-mips64el': 0.27.3
      '@esbuild/linux-ppc64': 0.27.3
      '@esbuild/linux-riscv64': 0.27.3
      '@esbuild/linux-s390x': 0.27.3
      '@esbuild/linux-x64': 0.27.3
      '@esbuild/netbsd-arm64': 0.27.3
      '@esbuild/netbsd-x64': 0.27.3
      '@esbuild/openbsd-arm64': 0.27.3
      '@esbuild/openbsd-x64': 0.27.3
      '@esbuild/openharmony-arm64': 0.27.3
      '@esbuild/sunos-x64': 0.27.3
      '@esbuild/win32-arm64': 0.27.3
      '@esbuild/win32-ia32': 0.27.3
      '@esbuild/win32-x64': 0.27.3
    optional: true

  fdir@6.5.0(picomatch@4.0.5):
    optionalDependencies:
      picomatch: 4.0.5

  fsevents@2.3.3:
    optional: true

  get-nonce@1.0.1: {}

  graphql@17.0.2:
    optional: true

  jose@5.10.0: {}

  lightningcss-android-arm64@1.33.0:
    optional: true

  lightningcss-darwin-arm64@1.33.0:
    optional: true

  lightningcss-darwin-x64@1.33.0:
    optional: true

  lightningcss-freebsd-x64@1.33.0:
    optional: true

  lightningcss-linux-arm-gnueabihf@1.33.0:
    optional: true

  lightningcss-linux-arm64-gnu@1.33.0:
    optional: true

  lightningcss-linux-arm64-musl@1.33.0:
    optional: true

  lightningcss-linux-x64-gnu@1.33.0:
    optional: true

  lightningcss-linux-x64-musl@1.33.0:
    optional: true

  lightningcss-win32-arm64-msvc@1.33.0:
    optional: true

  lightningcss-win32-x64-msvc@1.33.0:
    optional: true

  lightningcss@1.33.0:
    dependencies:
      detect-libc: 2.1.2
    optionalDependencies:
      lightningcss-android-arm64: 1.33.0
      lightningcss-darwin-arm64: 1.33.0
      lightningcss-darwin-x64: 1.33.0
      lightningcss-freebsd-x64: 1.33.0
      lightningcss-linux-arm-gnueabihf: 1.33.0
      lightningcss-linux-arm64-gnu: 1.33.0
      lightningcss-linux-arm64-musl: 1.33.0
      lightningcss-linux-x64-gnu: 1.33.0
      lightningcss-linux-x64-musl: 1.33.0
      lightningcss-win32-arm64-msvc: 1.33.0
      lightningcss-win32-x64-msvc: 1.33.0

  nanoid@3.3.17: {}

  picocolors@1.1.1: {}

  picomatch@4.0.5: {}

  postcss@8.5.25:
    dependencies:
      nanoid: 3.3.17
      picocolors: 1.1.1
      source-map-js: 1.2.1

  react-dom@19.2.6(react@19.2.6):
    dependencies:
      react: 19.2.6
      scheduler: 0.27.0

  react-remove-scroll-bar@2.3.8(@types/react@19.2.14)(react@19.2.6):
    dependencies:
      react: 19.2.6
      react-style-singleton: 2.2.3(@types/react@19.2.14)(react@19.2.6)
      tslib: 2.8.1
    optionalDependencies:
      '@types/react': 19.2.14

  react-remove-scroll@2.7.2(@types/react@19.2.14)(react@19.2.6):
    dependencies:
      react: 19.2.6
      react-remove-scroll-bar: 2.3.8(@types/react@19.2.14)(react@19.2.6)
      react-style-singleton: 2.2.3(@types/react@19.2.14)(react@19.2.6)
      tslib: 2.8.1
      use-callback-ref: 1.3.3(@types/react@19.2.14)(react@19.2.6)
      use-sidecar: 1.1.3(@types/react@19.2.14)(react@19.2.6)
    optionalDependencies:
      '@types/react': 19.2.14

  react-style-singleton@2.2.3(@types/react@19.2.14)(react@19.2.6):
    dependencies:
      get-nonce: 1.0.1
      react: 19.2.6
      tslib: 2.8.1
    optionalDependencies:
      '@types/react': 19.2.14

  react@19.2.6: {}

  rolldown@1.0.1:
    dependencies:
      '@oxc-project/types': 0.130.0
      '@rolldown/pluginutils': 1.0.1
    optionalDependencies:
      '@rolldown/binding-android-arm64': 1.0.1
      '@rolldown/binding-darwin-arm64': 1.0.1
      '@rolldown/binding-darwin-x64': 1.0.1
      '@rolldown/binding-freebsd-x64': 1.0.1
      '@rolldown/binding-linux-arm-gnueabihf': 1.0.1
      '@rolldown/binding-linux-arm64-gnu': 1.0.1
      '@rolldown/binding-linux-arm64-musl': 1.0.1
      '@rolldown/binding-linux-ppc64-gnu': 1.0.1
      '@rolldown/binding-linux-s390x-gnu': 1.0.1
      '@rolldown/binding-linux-x64-gnu': 1.0.1
      '@rolldown/binding-linux-x64-musl': 1.0.1
      '@rolldown/binding-openharmony-arm64': 1.0.1
      '@rolldown/binding-wasm32-wasi': 1.0.1
      '@rolldown/binding-win32-arm64-msvc': 1.0.1
      '@rolldown/binding-win32-x64-msvc': 1.0.1

  scheduler@0.27.0: {}

  source-map-js@1.2.1: {}

  source-map-support@0.5.21:
    dependencies:
      buffer-from: 1.1.2
      source-map: 0.6.1
    optional: true

  source-map@0.6.1:
    optional: true

  terser@5.49.0:
    dependencies:
      '@jridgewell/source-map': 0.3.11
      acorn: 8.18.0
      commander: 2.20.3
      source-map-support: 0.5.21
    optional: true

  tinyglobby@0.2.17:
    dependencies:
      fdir: 6.5.0(picomatch@4.0.5)
      picomatch: 4.0.5

  tslib@2.8.1: {}

  type-fest@4.41.0: {}

  typescript@5.9.3: {}

  undici-types@6.21.0:
    optional: true

  use-callback-ref@1.3.3(@types/react@19.2.14)(react@19.2.6):
    dependencies:
      react: 19.2.6
      tslib: 2.8.1
    optionalDependencies:
      '@types/react': 19.2.14

  use-sidecar@1.1.3(@types/react@19.2.14)(react@19.2.6):
    dependencies:
      detect-node-es: 1.1.0
      react: 19.2.6
      tslib: 2.8.1
    optionalDependencies:
      '@types/react': 19.2.14

  use-sync-external-store@1.6.0(react@19.2.6):
    dependencies:
      react: 19.2.6

  vite@8.0.13(@types/node@22.19.19)(esbuild@0.27.3)(terser@5.49.0):
    dependencies:
      lightningcss: 1.33.0
      picomatch: 4.0.5
      postcss: 8.5.25
      rolldown: 1.0.1
      tinyglobby: 0.2.17
    optionalDependencies:
      '@types/node': 22.19.19
      esbuild: 0.27.3
      fsevents: 2.3.3
      terser: 5.49.0

  zod@4.4.3: {}
